// !$*UTF8*$!
{
	archiveVersion = 1;
	classes = {
	};
	objectVersion = 56;
	objects = {

/* Begin PBXBuildFile section */
		72EBEC54296FEDFE005370B6 /* AppDelegate.swift in Sources */ = {isa = PBXBuildFile; fileRef = 72EBEC53296FEDFE005370B6 /* AppDelegate.swift */; };
		72EBEC56296FEDFE005370B6 /* SceneDelegate.swift in Sources */ = {isa = PBXBuildFile; fileRef = 72EBEC55296FEDFE005370B6 /* SceneDelegate.swift */; };
		72EBEC58296FEDFE005370B6 /* ViewController.swift in Sources */ = {isa = PBXBuildFile; fileRef = 72EBEC57296FEDFE005370B6 /* ViewController.swift */; };
		72EBEC5B296FEDFE005370B6 /* Main.storyboard in Resources */ = {isa = PBXBuildFile; fileRef = 72EBEC59296FEDFE005370B6 /* Main.storyboard */; };
		72EBEC5D296FEDFF005370B6 /* Assets.xcassets in Resources */ = {isa = PBXBuildFile; fileRef = 72EBEC5C296FEDFF005370B6 /* Assets.xcassets */; };
		72EBEC60296FEDFF005370B6 /* LaunchScreen.storyboard in Resources */ = {isa = PBXBuildFile; fileRef = 72EBEC5E296FEDFF005370B6 /* LaunchScreen.storyboard */; };
		72EBEC69296FF099005370B6 /* ItemCollectionViewCell.swift in Sources */ = {isa = PBXBuildFile; fileRef = 72EBEC67296FF099005370B6 /* ItemCollectionViewCell.swift */; };
		72EBEC6A296FF099005370B6 /* ItemCollectionViewCell.xib in Resources */ = {isa = PBXBuildFile; fileRef = 72EBEC68296FF099005370B6 /* ItemCollectionViewCell.xib */; };
		72EBEC6C296FF271005370B6 /* Model.swift in Sources */ = {isa = PBXBuildFile; fileRef = 72EBEC6B296FF271005370B6 /* Model.swift */; };
		72EBEC6E296FFAEE005370B6 /* ImageViewerViewController.swift in Sources */ = {isa = PBXBuildFile; fileRef = 72EBEC6D296FFAEE005370B6 /* ImageViewerViewController.swift */; };
		72EBEC7229704B97005370B6 /* PinterestLayoutDelegate.swift in Sources */ = {isa = PBXBuildFile; fileRef = 72EBEC7129704B97005370B6 /* PinterestLayoutDelegate.swift */; };
/* End PBXBuildFile section */

/* Begin PBXFileReference section */
		72EBEC50296FEDFE005370B6 /* collectionView3.app */ = {isa = PBXFileReference; explicitFileType = wrapper.application; includeInIndex = 0; path = collectionView3.app; sourceTree = BUILT_PRODUCTS_DIR; };
		72EBEC53296FEDFE005370B6 /* AppDelegate.swift */ = {isa = PBXFileReference; lastKnownFileType = sourcecode.swift; path = AppDelegate.swift; sourceTree = "<group>"; };
		72EBEC55296FEDFE005370B6 /* SceneDelegate.swift */ = {isa = PBXFileReference; lastKnownFileType = sourcecode.swift; path = SceneDelegate.swift; sourceTree = "<group>"; };
		72EBEC57296FEDFE005370B6 /* ViewController.swift */ = {isa = PBXFileReference; lastKnownFileType = sourcecode.swift; path = ViewController.swift; sourceTree = "<group>"; };
		72EBEC5A296FEDFE005370B6 /* Base */ = {isa = PBXFileReference; lastKnownFileType = file.storyboard; name = Base; path = Base.lproj/Main.storyboard; sourceTree = "<group>"; };
		72EBEC5C296FEDFF005370B6 /* Assets.xcassets */ = {isa = PBXFileReference; lastKnownFileType = folder.assetcatalog; path = Assets.xcassets; sourceTree = "<group>"; };
		72EBEC5F296FEDFF005370B6 /* Base */ = {isa = PBXFileReference; lastKnownFileType = file.storyboard; name = Base; path = Base.lproj/LaunchScreen.storyboard; sourceTree = "<group>"; };
		72EBEC61296FEDFF005370B6 /* Info.plist */ = {isa = PBXFileReference; lastKnownFileType = text.plist.xml; path = Info.plist; sourceTree = "<group>"; };
		72EBEC67296FF099005370B6 /* ItemCollectionViewCell.swift */ = {isa = PBXFileReference; lastKnownFileType = sourcecode.swift; path = ItemCollectionViewCell.swift; sourceTree = "<group>"; };
		72EBEC68296FF099005370B6 /* ItemCollectionViewCell.xib */ = {isa = PBXFileReference; lastKnownFileType = file.xib; path = ItemCollectionViewCell.xib; sourceTree = "<group>"; };
		72EBEC6B296FF271005370B6 /* Model.swift */ = {isa = PBXFileReference; lastKnownFileType = sourcecode.swift; path = Model.swift; sourceTree = "<group>"; };
		72EBEC6D296FFAEE005370B6 /* ImageViewerViewController.swift */ = {isa = PBXFileReference; lastKnownFileType = sourcecode.swift; path = ImageViewerViewController.swift; sourceTree = "<group>"; };
		72EBEC7129704B97005370B6 /* PinterestLayoutDelegate.swift */ = {isa = PBXFileReference; lastKnownFileType = sourcecode.swift; path = PinterestLayoutDelegate.swift; sourceTree = "<group>"; };
/* End PBXFileReference section */

/* Begin PBXFrameworksBuildPhase section */
		72EBEC4D296FEDFE005370B6 /* Frameworks */ = {
			isa = PBXFrameworksBuildPhase;
			buildActionMask = 2147483647;
			files = (
			);
			runOnlyForDeploymentPostprocessing = 0;
		};
/* End PBXFrameworksBuildPhase section */

/* Begin PBXGroup section */
		72EBEC47296FEDFE005370B6 = {
			isa = PBXGroup;
			children = (
				72EBEC52296FEDFE005370B6 /* collectionView3 */,
				72EBEC51296FEDFE005370B6 /* Products */,
			);
			sourceTree = "<group>";
		};
		72EBEC51296FEDFE005370B6 /* Products */ = {
			isa = PBXGroup;
			children = (
				72EBEC50296FEDFE005370B6 /* collectionView3.app */,
			);
			name = Products;
			sourceTree = "<group>";
		};
		72EBEC52296FEDFE005370B6 /* collectionView3 */ = {
			isa = PBXGroup;
			children = (
				72EBEC53296FEDFE005370B6 /* AppDelegate.swift */,
				72EBEC55296FEDFE005370B6 /* SceneDelegate.swift */,
				72EBEC57296FEDFE005370B6 /* ViewController.swift */,
				72EBEC59296FEDFE005370B6 /* Main.storyboard */,
				72EBEC5C296FEDFF005370B6 /* Assets.xcassets */,
				72EBEC5E296FEDFF005370B6 /* LaunchScreen.storyboard */,
				72EBEC61296FEDFF005370B6 /* Info.plist */,
				72EBEC67296FF099005370B6 /* ItemCollectionViewCell.swift */,
				72EBEC68296FF099005370B6 /* ItemCollectionViewCell.xib */,
				72EBEC6B296FF271005370B6 /* Model.swift */,
				72EBEC6D296FFAEE005370B6 /* ImageViewerViewController.swift */,
				72EBEC7129704B97005370B6 /* PinterestLayoutDelegate.swift */,
			);
			path = collectionView3;
			sourceTree = "<group>";
		};
/* End PBXGroup section */

/* Begin PBXNativeTarget section */
		72EBEC4F296FEDFE005370B6 /* collectionView3 */ = {
			isa = PBXNativeTarget;
			buildConfigurationList = 72EBEC64296FEDFF005370B6 /* Build configuration list for PBXNativeTarget "collectionView3" */;
			buildPhases = (
				72EBEC4C296FEDFE005370B6 /* Sources */,
				72EBEC4D296FEDFE005370B6 /* Frameworks */,
				72EBEC4E296FEDFE005370B6 /* Resources */,
			);
			buildRules = (
			);
			dependencies = (
			);
			name = collectionView3;
			productName = collectionView3;
			productReference = 72EBEC50296FEDFE005370B6 /* collectionView3.app */;
			productType = "com.apple.product-type.application";
		};
/* End PBXNativeTarget section */

/* Begin PBXProject section */
		72EBEC48296FEDFE005370B6 /* Project object */ = {
			isa = PBXProject;
			attributes = {
				BuildIndependentTargetsInParallel = 1;
				LastSwiftUpdateCheck = 1420;
				LastUpgradeCheck = 1420;
				TargetAttributes = {
					72EBEC4F296FEDFE005370B6 = {
						CreatedOnToolsVersion = 14.2;
					};
				};
			};
			buildConfigurationList = 72EBEC4B296FEDFE005370B6 /* Build configuration list for PBXProject "collectionView3" */;
			compatibilityVersion = "Xcode 14.0";
			developmentRegion = en;
			hasScannedForEncodings = 0;
			knownRegions = (
				en,
				Base,
			);
			mainGroup = 72EBEC47296FEDFE005370B6;
			productRefGroup = 72EBEC51296FEDFE005370B6 /* Products */;
			projectDirPath = "";
			projectRoot = "";
			targets = (
				72EBEC4F296FEDFE005370B6 /* collectionView3 */,
			);
		};
/* End PBXProject section */

/* Begin PBXResourcesBuildPhase section */
		72EBEC4E296FEDFE005370B6 /* Resources */ = {
			isa = PBXResourcesBuildPhase;
			buildActionMask = 2147483647;
			files = (
				72EBEC60296FEDFF005370B6 /* LaunchScreen.storyboard in Resources */,
				72EBEC6A296FF099005370B6 /* ItemCollectionViewCell.xib in Resources */,
				72EBEC5D296FEDFF005370B6 /* Assets.xcassets in Resources */,
				72EBEC5B296FEDFE005370B6 /* Main.storyboard in Resources */,
			);
			runOnlyForDeploymentPostprocessing = 0;
		};
/* End PBXResourcesBuildPhase section */

/* Begin PBXSourcesBuildPhase section */
		72EBEC4C296FEDFE005370B6 /* Sources */ = {
			isa = PBXSourcesBuildPhase;
			buildActionMask = 2147483647;
			files = (
				72EBEC6E296FFAEE005370B6 /* ImageViewerViewController.swift in Sources */,
				72EBEC6C296FF271005370B6 /* Model.swift in Sources */,
				72EBEC58296FEDFE005370B6 /* ViewController.swift in Sources */,
				72EBEC7229704B97005370B6 /* PinterestLayoutDelegate.swift in Sources */,
				72EBEC69296FF099005370B6 /* ItemCollectionViewCell.swift in Sources */,
				72EBEC54296FEDFE005370B6 /* AppDelegate.swift in Sources */,
				72EBEC56296FEDFE005370B6 /* SceneDelegate.swift in Sources */,
			);
			runOnlyForDeploymentPostprocessing = 0;
		};
/* End PBXSourcesBuildPhase section */

/* Begin PBXVariantGroup section */
		72EBEC59296FEDFE005370B6 /* Main.storyboard */ = {
			isa = PBXVariantGroup;
			children = (
				72EBEC5A296FEDFE005370B6 /* Base */,
			);
			name = Main.storyboard;
			sourceTree = "<group>";
		};
		72EBEC5E296FEDFF005370B6 /* LaunchScreen.storyboard */ = {
			isa = PBXVariantGroup;
			children = (
				72EBEC5F296FEDFF005370B6 /* Base */,
			);
			name = LaunchScreen.storyboard;
			sourceTree = "<group>";
		};
/* End PBXVariantGroup section */

/* Begin XCBuildConfiguration section */
		72EBEC62296FEDFF005370B6 /* Debug */ = {
			isa = XCBuildConfiguration;
			buildSettings = {
				ALWAYS_SEARCH_USER_PATHS = NO;
				CLANG_ANALYZER_NONNULL = YES;
				CLANG_ANALYZER_NUMBER_OBJECT_CONVERSION = YES_AGGRESSIVE;
				CLANG_CXX_LANGUAGE_STANDARD = "gnu++20";
				CLANG_ENABLE_MODULES = YES;
				CLANG_ENABLE_OBJC_ARC = YES;
				CLANG_ENABLE_OBJC_WEAK = YES;
				CLANG_WARN_BLOCK_CAPTURE_AUTORELEASING = YES;
				CLANG_WARN_BOOL_CONVERSION = YES;
				CLANG_WARN_COMMA = YES;
				CLANG_WARN_CONSTANT_CONVERSION = YES;
				CLANG_WARN_DEPRECATED_OBJC_IMPLEMENTATIONS = YES;
				CLANG_WARN_DIRECT_OBJC_ISA_USAGE = YES_ERROR;
				CLANG_WARN_DOCUMENTATION_COMMENTS = YES;
				CLANG_WARN_EMPTY_BODY = YES;
				CLANG_WARN_ENUM_CONVERSION = YES;
				CLANG_WARN_INFINITE_RECURSION = YES;
				CLANG_WARN_INT_CONVERSION = YES;
				CLANG_WARN_NON_LITERAL_NULL_CONVERSION = YES;
				CLANG_WARN_OBJC_IMPLICIT_RETAIN_SELF = YES;
				CLANG_WARN_OBJC_LITERAL_CONVERSION = YES;
				CLANG_WARN_OBJC_ROOT_CLASS = YES_ERROR;
				CLANG_WARN_QUOTED_INCLUDE_IN_FRAMEWORK_HEADER = YES;
				CLANG_WARN_RANGE_LOOP_ANALYSIS = YES;
				CLANG_WARN_STRICT_PROTOTYPES = YES;
				CLANG_WARN_SUSPICIOUS_MOVE = YES;
				CLANG_WARN_UNGUARDED_AVAILABILITY = YES_AGGRESSIVE;
				CLANG_WARN_UNREACHABLE_CODE = YES;
				CLANG_WARN__DUPLICATE_METHOD_MATCH = YES;
				COPY_PHASE_STRIP = NO;
				DEBUG_INFORMATION_FORMAT = dwarf;
				ENABLE_STRICT_OBJC_MSGSEND = YES;
				ENABLE_TESTABILITY = YES;
				GCC_C_LANGUAGE_STANDARD = gnu11;
				GCC_DYNAMIC_NO_PIC = NO;
				GCC_NO_COMMON_BLOCKS = YES;
				GCC_OPTIMIZATION_LEVEL = 0;
				GCC_PREPROCESSOR_DEFINITIONS = (
					"DEBUG=1",
					"$(inherited)",
				);
				GCC_WARN_64_TO_32_BIT_CONVERSION = YES;
				GCC_WARN_ABOUT_RETURN_TYPE = YES_ERROR;
				GCC_WARN_UNDECLARED_SELECTOR = YES;
				GCC_WARN_UNINITIALIZED_AUTOS = YES_AGGRESSIVE;
				GCC_WARN_UNUSED_FUNCTION = YES;
				GCC_WARN_UNUSED_VARIABLE = YES;
				IPHONEOS_DEPLOYMENT_TARGET = 16.2;
				MTL_ENABLE_DEBUG_INFO = INCLUDE_SOURCE;
				MTL_FAST_MATH = YES;
				ONLY_ACTIVE_ARCH = YES;
				SDKROOT = iphoneos;
				SWIFT_ACTIVE_COMPILATION_CONDITIONS = DEBUG;
				SWIFT_OPTIMIZATION_LEVEL = "-Onone";
			};
			name = Debug;
		};
		72EBEC63296FEDFF005370B6 /* Release */ = {
			isa = XCBuildConfiguration;
			buildSettings = {
				ALWAYS_SEARCH_USER_PATHS = NO;
				CLANG_ANALYZER_NONNULL = YES;
				CLANG_ANALYZER_NUMBER_OBJECT_CONVERSION = YES_AGGRESSIVE;
				CLANG_CXX_LANGUAGE_STANDARD = "gnu++20";
				CLANG_ENABLE_MODULES = YES;
				CLANG_ENABLE_OBJC_ARC = YES;
				CLANG_ENABLE_OBJC_WEAK = YES;
				CLANG_WARN_BLOCK_CAPTURE_AUTORELEASING = YES;
				CLANG_WARN_BOOL_CONVERSION = YES;
				CLANG_WARN_COMMA = YES;
				CLANG_WARN_CONSTANT_CONVERSION = YES;
				CLANG_WARN_DEPRECATED_OBJC_IMPLEMENTATIONS = YES;
				CLANG_WARN_DIRECT_OBJC_ISA_USAGE = YES_ERROR;
				CLANG_WARN_DOCUMENTATION_COMMENTS = YES;
				CLANG_WARN_EMPTY_BODY = YES;
				CLANG_WARN_ENUM_CONVERSION = YES;
				CLANG_WARN_INFINITE_RECURSION = YES;
				CLANG_WARN_INT_CONVERSION = YES;
				CLANG_WARN_NON_LITERAL_NULL_CONVERSION = YES;
				CLANG_WARN_OBJC_IMPLICIT_RETAIN_SELF = YES;
				CLANG_WARN_OBJC_LITERAL_CONVERSION = YES;
				CLANG_WARN_OBJC_ROOT_CLASS = YES_ERROR;
				CLANG_WARN_QUOTED_INCLUDE_IN_FRAMEWORK_HEADER = YES;
				CLANG_WARN_RANGE_LOOP_ANALYSIS = YES;
				CLANG_WARN_STRICT_PROTOTYPES = YES;
				CLANG_WARN_SUSPICIOUS_MOVE = YES;
				CLANG_WARN_UNGUARDED_AVAILABILITY = YES_AGGRESSIVE;
				CLANG_WARN_UNREACHABLE_CODE = YES;
				CLANG_WARN__DUPLICATE_METHOD_MATCH = YES;
				COPY_PHASE_STRIP = NO;
				DEBUG_INFORMATION_FORMAT = "dwarf-with-dsym";
				ENABLE_NS_ASSERTIONS = NO;
				ENABLE_STRICT_OBJC_MSGSEND = YES;
				GCC_C_LANGUAGE_STANDARD = gnu11;
				GCC_NO_COMMON_BLOCKS = YES;
				GCC_WARN_64_TO_32_BIT_CONVERSION = YES;
				GCC_WARN_ABOUT_RETURN_TYPE = YES_ERROR;
				GCC_WARN_UNDECLARED_SELECTOR = YES;
				GCC_WARN_UNINITIALIZED_AUTOS = YES_AGGRESSIVE;
				GCC_WARN_UNUSED_FUNCTION = YES;
				GCC_WARN_UNUSED_VARIABLE = YES;
				IPHONEOS_DEPLOYMENT_TARGET = 16.2;
				MTL_ENABLE_DEBUG_INFO = NO;
				MTL_FAST_MATH = YES;
				SDKROOT = iphoneos;
				SWIFT_COMPILATION_MODE = wholemodule;
				SWIFT_OPTIMIZATION_LEVEL = "-O";
				VALIDATE_PRODUCT = YES;
			};
			name = Release;
		};
		72EBEC65296FEDFF005370B6 /* Debug */ = {
			isa = XCBuildConfiguration;
			buildSettings = {
				ASSETCATALOG_COMPILER_APPICON_NAME = AppIcon;
				ASSETCATALOG_COMPILER_GLOBAL_ACCENT_COLOR_NAME = AccentColor;
				CODE_SIGN_STYLE = Automatic;
				CURRENT_PROJECT_VERSION = 1;
				DEVELOPMENT_TEAM = V352KC79H8;
				GENERATE_INFOPLIST_FILE = YES;
				INFOPLIST_FILE = collectionView3/Info.plist;
				INFOPLIST_KEY_UIApplicationSupportsIndirectInputEvents = YES;
				INFOPLIST_KEY_UILaunchStoryboardName = LaunchScreen;
				INFOPLIST_KEY_UIMainStoryboardFile = Main;
				INFOPLIST_KEY_UISupportedInterfaceOrientations_iPad = "UIInterfaceOrientationPortrait UIInterfaceOrientationPortraitUpsideDown UIInterfaceOrientationLandscapeLeft UIInterfaceOrientationLandscapeRight";
				INFOPLIST_KEY_UISupportedInterfaceOrientations_iPhone = "UIInterfaceOrientationPortrait UIInterfaceOrientationLandscapeLeft UIInterfaceOrientationLandscapeRight";
				LD_RUNPATH_SEARCH_PATHS = (
					"$(inherited)",
					"@executable_path/Frameworks",
				);
				MARKETING_VERSION = 1.0;
				PRODUCT_BUNDLE_IDENTIFIER = com.zeynepOzdemirAcikgoz.collectionView3;
				PRODUCT_NAME = "$(TARGET_NAME)";
				SWIFT_EMIT_LOC_STRINGS = YES;
				SWIFT_VERSION = 5.0;
				TARGETED_DEVICE_FAMILY = "1,2";
			};
			name = Debug;
		};
		72EBEC66296FEDFF005370B6 /* Release */ = {
			isa = XCBuildConfiguration;
			buildSettings = {
				ASSETCATALOG_COMPILER_APPICON_NAME = AppIcon;
				ASSETCATALOG_COMPILER_GLOBAL_ACCENT_COLOR_NAME = AccentColor;
				CODE_SIGN_STYLE = Automatic;
				CURRENT_PROJECT_VERSION = 1;
				DEVELOPMENT_TEAM = V352KC79H8;
				GENERATE_INFOPLIST_FILE = YES;
				INFOPLIST_FILE = collectionView3/Info.plist;
				INFOPLIST_KEY_UIApplicationSupportsIndirectInputEvents = YES;
				INFOPLIST_KEY_UILaunchStoryboardName = LaunchScreen;
				INFOPLIST_KEY_UIMainStoryboardFile = Main;
				INFOPLIST_KEY_UISupportedInterfaceOrientations_iPad = "UIInterfaceOrientationPortrait UIInterfaceOrientationPortraitUpsideDown UIInterfaceOrientationLandscapeLeft UIInterfaceOrientationLandscapeRight";
				INFOPLIST_KEY_UISupportedInterfaceOrientations_iPhone = "UIInterfaceOrientationPortrait UIInterfaceOrientationLandscapeLeft UIInterfaceOrientationLandscapeRight";
				LD_RUNPATH_SEARCH_PATHS = (
					"$(inherited)",
					"@executable_path/Frameworks",
				);
				MARKETING_VERSION = 1.0;
				PRODUCT_BUNDLE_IDENTIFIER = com.zeynepOzdemirAcikgoz.collectionView3;
				PRODUCT_NAME = "$(TARGET_NAME)";
				SWIFT_EMIT_LOC_STRINGS = YES;
				SWIFT_VERSION = 5.0;
				TARGETED_DEVICE_FAMILY = "1,2";
			};
			name = Release;
		};
/* End XCBuildConfiguration section */

/* Begin XCConfigurationList section */
		72EBEC4B296FEDFE005370B6 /* Build configuration list for PBXProject "collectionView3" */ = {
			isa = XCConfigurationList;
			buildConfigurations = (
				72EBEC62296FEDFF005370B6 /* Debug */,
				72EBEC63296FEDFF005370B6 /* Release */,
			);
			defaultConfigurationIsVisible = 0;
			defaultConfigurationName = Release;
		};
		72EBEC64296FEDFF005370B6 /* Build configuration list for PBXNativeTarget "collectionView3" */ = {
			isa = XCConfigurationList;
			buildConfigurations = (
				72EBEC65296FEDFF005370B6 /* Debug */,
				72EBEC66296FEDFF005370B6 /* Release */,
			);
			defaultConfigurationIsVisible = 0;
			defaultConfigurationName = Release;
		};
/* End XCConfigurationList section */
	};
	rootObject = 72EBEC48296FEDFE005370B6 /* Project object */;
}
